
Microsoft Visual Studio Solution File, Format Version 12.00
# Visual Studio Version 16
VisualStudioVersion = 16.0.32929.386
MinimumVisualStudioVersion = 10.0.40219.1
Project("{FAE04EC0-301F-11D3-BF4B-00C04F79EFBC}") = "Method2", "Method2\Method2.csproj", "{942D4511-9378-45BF-B705-1E5C01F15D8C}"
EndProject
Global
	GlobalSection(SolutionConfigurationPlatforms) = preSolution
		Debug|Any CPU = Debug|Any CPU
		Release|Any CPU = Release|Any CPU
	EndGlobalSection
	GlobalSection(ProjectConfigurationPlatforms) = postSolution
		{942D4511-9378-45BF-B705-1E5C01F15D8C}.Debug|Any CPU.ActiveCfg = Debug|Any CPU
		{942D4511-9378-45BF-B705-1E5C01F15D8C}.Debug|Any CPU.Build.0 = Debug|Any CPU
		{942D4511-9378-45BF-B705-1E5C01F15D8C}.Release|Any CPU.ActiveCfg = Release|Any CPU
		{942D4511-9378-45BF-B705-1E5C01F15D8C}.Release|Any CPU.Build.0 = Release|Any CPU
	EndGlobalSection
	GlobalSection(SolutionProperties) = preSolution
		HideSolutionNode = FALSE
	EndGlobalSection
	GlobalSection(ExtensibilityGlobals) = postSolution
		SolutionGuid = {D74A469F-8C2F-4DCE-AF31-A17627558DCC}
	EndGlobalSection
EndGlobal
